Microsoft Visual Studio Solution File, Format Version 12.00
# Visual Studio 2012
VisualStudioVersion = 12.0.0.0
MinimumVisualStudioVersion = 10.0.0.1
Project("{FAE04EC0-301F-11D3-BF4B-00C04F79EFBC}") = "EdFi.OdsApi.Sdk.v72", "src\EdFi.OdsApi.Sdk.v72\EdFi.OdsApi.Sdk.v72.csproj", "{51901FD7-B937-4203-A5B5-39AD7A1CCBA2}"
EndProject
Global
	GlobalSection(SolutionConfigurationPlatforms) = preSolution
		Debug|Any CPU = Debug|Any CPU
		Release|Any CPU = Release|Any CPU
	EndGlobalSection
	GlobalSection(ProjectConfigurationPlatforms) = postSolution
		{51901FD7-B937-4203-A5B5-39AD7A1CCBA2}.Debug|Any CPU.ActiveCfg = Debug|Any CPU
		{51901FD7-B937-4203-A5B5-39AD7A1CCBA2}.Debug|Any CPU.Build.0 = Debug|Any CPU
		{51901FD7-B937-4203-A5B5-39AD7A1CCBA2}.Release|Any CPU.ActiveCfg = Release|Any CPU
		{51901FD7-B937-4203-A5B5-39AD7A1CCBA2}.Release|Any CPU.Build.0 = Release|Any CPU
		{19F1DEBC-DE5E-4517-8062-F000CD499087}.Debug|Any CPU.ActiveCfg = Debug|Any CPU
		{19F1DEBC-DE5E-4517-8062-F000CD499087}.Debug|Any CPU.Build.0 = Debug|Any CPU
		{19F1DEBC-DE5E-4517-8062-F000CD499087}.Release|Any CPU.ActiveCfg = Release|Any CPU
		{19F1DEBC-DE5E-4517-8062-F000CD499087}.Release|Any CPU.Build.0 = Release|Any CPU
	EndGlobalSection
	GlobalSection(SolutionProperties) = preSolution
		HideSolutionNode = FALSE
	EndGlobalSection
EndGlobal